
Microsoft Visual Studio Solution File, Format Version 12.00
# Visual Studio Version 16
VisualStudioVersion = 16.0.30011.22
MinimumVisualStudioVersion = 10.0.40219.1
Project("{FAE04EC0-301F-11D3-BF4B-00C04F79EFBC}") = "Seção 03 - Parte 2", "Seção 03 - Parte 2\Seção 03 - Parte 2.csproj", "{61BE98EC-2484-48EE-9B6D-726884F1A6BB}"
EndProject
Global
	GlobalSection(SolutionConfigurationPlatforms) = preSolution
		Debug|Any CPU = Debug|Any CPU
		Release|Any CPU = Release|Any CPU
	EndGlobalSection
	GlobalSection(ProjectConfigurationPlatforms) = postSolution
		{61BE98EC-2484-48EE-9B6D-726884F1A6BB}.Debug|Any CPU.ActiveCfg = Debug|Any CPU
		{61BE98EC-2484-48EE-9B6D-726884F1A6BB}.Debug|Any CPU.Build.0 = Debug|Any CPU
		{61BE98EC-2484-48EE-9B6D-726884F1A6BB}.Release|Any CPU.ActiveCfg = Release|Any CPU
		{61BE98EC-2484-48EE-9B6D-726884F1A6BB}.Release|Any CPU.Build.0 = Release|Any CPU
	EndGlobalSection
	GlobalSection(SolutionProperties) = preSolution
		HideSolutionNode = FALSE
	EndGlobalSection
	GlobalSection(ExtensibilityGlobals) = postSolution
		SolutionGuid = {8669EAC6-03BC-48A9-B7B3-8232C926BCB7}
	EndGlobalSection
EndGlobal
