
Microsoft Visual Studio Solution File, Format Version 12.00
# Visual Studio Version 16
VisualStudioVersion = 16.0.30002.166
MinimumVisualStudioVersion = 10.0.40219.1
Project("{FAE04EC0-301F-11D3-BF4B-00C04F79EFBC}") = "ExercicioResolvido07", "ExercicioResolvido07\ExercicioResolvido07.csproj", "{458F1922-E73E-4F4D-B987-DCA18952BFD7}"
EndProject
Global
	GlobalSection(SolutionConfigurationPlatforms) = preSolution
		Debug|Any CPU = Debug|Any CPU
		Release|Any CPU = Release|Any CPU
	EndGlobalSection
	GlobalSection(ProjectConfigurationPlatforms) = postSolution
		{458F1922-E73E-4F4D-B987-DCA18952BFD7}.Debug|Any CPU.ActiveCfg = Debug|Any CPU
		{458F1922-E73E-4F4D-B987-DCA18952BFD7}.Debug|Any CPU.Build.0 = Debug|Any CPU
		{458F1922-E73E-4F4D-B987-DCA18952BFD7}.Release|Any CPU.ActiveCfg = Release|Any CPU
		{458F1922-E73E-4F4D-B987-DCA18952BFD7}.Release|Any CPU.Build.0 = Release|Any CPU
	EndGlobalSection
	GlobalSection(SolutionProperties) = preSolution
		HideSolutionNode = FALSE
	EndGlobalSection
	GlobalSection(ExtensibilityGlobals) = postSolution
		SolutionGuid = {73D27AE2-BF31-45E2-A875-61523E98BA0E}
	EndGlobalSection
EndGlobal
