
Microsoft Visual Studio Solution File, Format Version 12.00
# Visual Studio Version 16
VisualStudioVersion = 16.0.30002.166
MinimumVisualStudioVersion = 10.0.40219.1
Project("{FAE04EC0-301F-11D3-BF4B-00C04F79EFBC}") = "Prova 6 Estrutura Repetitiva", "Prova 6 Estrutura Repetitiva\Prova 6 Estrutura Repetitiva.csproj", "{DC59C21B-6100-4FE1-9052-6614E61262FD}"
EndProject
Global
	GlobalSection(SolutionConfigurationPlatforms) = preSolution
		Debug|Any CPU = Debug|Any CPU
		Release|Any CPU = Release|Any CPU
	EndGlobalSection
	GlobalSection(ProjectConfigurationPlatforms) = postSolution
		{DC59C21B-6100-4FE1-9052-6614E61262FD}.Debug|Any CPU.ActiveCfg = Debug|Any CPU
		{DC59C21B-6100-4FE1-9052-6614E61262FD}.Debug|Any CPU.Build.0 = Debug|Any CPU
		{DC59C21B-6100-4FE1-9052-6614E61262FD}.Release|Any CPU.ActiveCfg = Release|Any CPU
		{DC59C21B-6100-4FE1-9052-6614E61262FD}.Release|Any CPU.Build.0 = Release|Any CPU
	EndGlobalSection
	GlobalSection(SolutionProperties) = preSolution
		HideSolutionNode = FALSE
	EndGlobalSection
	GlobalSection(ExtensibilityGlobals) = postSolution
		SolutionGuid = {5B07F78E-8D0A-465C-B7F8-63FBD3B41917}
	EndGlobalSection
EndGlobal
