
Microsoft Visual Studio Solution File, Format Version 12.00
# Visual Studio Version 16
VisualStudioVersion = 16.0.30002.166
MinimumVisualStudioVersion = 10.0.40219.1
Project("{FAE04EC0-301F-11D3-BF4B-00C04F79EFBC}") = "Prova 02 Estrutura Sequencial", "Prova 02 Estrutura Sequencial\Prova 02 Estrutura Sequencial.csproj", "{DF99CF3F-5599-4545-A1BC-CD6751C23587}"
EndProject
Global
	GlobalSection(SolutionConfigurationPlatforms) = preSolution
		Debug|Any CPU = Debug|Any CPU
		Release|Any CPU = Release|Any CPU
	EndGlobalSection
	GlobalSection(ProjectConfigurationPlatforms) = postSolution
		{DF99CF3F-5599-4545-A1BC-CD6751C23587}.Debug|Any CPU.ActiveCfg = Debug|Any CPU
		{DF99CF3F-5599-4545-A1BC-CD6751C23587}.Debug|Any CPU.Build.0 = Debug|Any CPU
		{DF99CF3F-5599-4545-A1BC-CD6751C23587}.Release|Any CPU.ActiveCfg = Release|Any CPU
		{DF99CF3F-5599-4545-A1BC-CD6751C23587}.Release|Any CPU.Build.0 = Release|Any CPU
	EndGlobalSection
	GlobalSection(SolutionProperties) = preSolution
		HideSolutionNode = FALSE
	EndGlobalSection
	GlobalSection(ExtensibilityGlobals) = postSolution
		SolutionGuid = {C6825D81-D48E-46A9-897F-6919F90B613B}
	EndGlobalSection
EndGlobal
