
Microsoft Visual Studio Solution File, Format Version 12.00
# Visual Studio Version 16
VisualStudioVersion = 16.0.30002.166
MinimumVisualStudioVersion = 10.0.40219.1
Project("{FAE04EC0-301F-11D3-BF4B-00C04F79EFBC}") = "ExercicioResolvido08", "ExercicioResolvido08\ExercicioResolvido08.csproj", "{BA9EB73E-4B35-4980-A3C3-CC72E5AFE9C2}"
EndProject
Global
	GlobalSection(SolutionConfigurationPlatforms) = preSolution
		Debug|Any CPU = Debug|Any CPU
		Release|Any CPU = Release|Any CPU
	EndGlobalSection
	GlobalSection(ProjectConfigurationPlatforms) = postSolution
		{BA9EB73E-4B35-4980-A3C3-CC72E5AFE9C2}.Debug|Any CPU.ActiveCfg = Debug|Any CPU
		{BA9EB73E-4B35-4980-A3C3-CC72E5AFE9C2}.Debug|Any CPU.Build.0 = Debug|Any CPU
		{BA9EB73E-4B35-4980-A3C3-CC72E5AFE9C2}.Release|Any CPU.ActiveCfg = Release|Any CPU
		{BA9EB73E-4B35-4980-A3C3-CC72E5AFE9C2}.Release|Any CPU.Build.0 = Release|Any CPU
	EndGlobalSection
	GlobalSection(SolutionProperties) = preSolution
		HideSolutionNode = FALSE
	EndGlobalSection
	GlobalSection(ExtensibilityGlobals) = postSolution
		SolutionGuid = {F7EEDDA4-2D33-49CA-AEFD-57D2F5E30D89}
	EndGlobalSection
EndGlobal
