
Microsoft Visual Studio Solution File, Format Version 12.00
# Visual Studio Version 16
VisualStudioVersion = 16.0.30002.166
MinimumVisualStudioVersion = 10.0.40219.1
Project("{FAE04EC0-301F-11D3-BF4B-00C04F79EFBC}") = "ExercicioProposto14", "ExercicioProposto14\ExercicioProposto14.csproj", "{3C1EE1A8-F386-4000-86F9-1B704EFD8CBE}"
EndProject
Global
	GlobalSection(SolutionConfigurationPlatforms) = preSolution
		Debug|Any CPU = Debug|Any CPU
		Release|Any CPU = Release|Any CPU
	EndGlobalSection
	GlobalSection(ProjectConfigurationPlatforms) = postSolution
		{3C1EE1A8-F386-4000-86F9-1B704EFD8CBE}.Debug|Any CPU.ActiveCfg = Debug|Any CPU
		{3C1EE1A8-F386-4000-86F9-1B704EFD8CBE}.Debug|Any CPU.Build.0 = Debug|Any CPU
		{3C1EE1A8-F386-4000-86F9-1B704EFD8CBE}.Release|Any CPU.ActiveCfg = Release|Any CPU
		{3C1EE1A8-F386-4000-86F9-1B704EFD8CBE}.Release|Any CPU.Build.0 = Release|Any CPU
	EndGlobalSection
	GlobalSection(SolutionProperties) = preSolution
		HideSolutionNode = FALSE
	EndGlobalSection
	GlobalSection(ExtensibilityGlobals) = postSolution
		SolutionGuid = {8D0FB136-3E0E-41E5-8857-200AE5624A68}
	EndGlobalSection
EndGlobal
