
Microsoft Visual Studio Solution File, Format Version 12.00
# Visual Studio Version 16
VisualStudioVersion = 16.0.30406.217
MinimumVisualStudioVersion = 10.0.40219.1
Project("{FAE04EC0-301F-11D3-BF4B-00C04F79EFBC}") = "List", "List\List.csproj", "{EB85E763-234C-4830-A4F2-99C64DF4B0D5}"
EndProject
Global
	GlobalSection(SolutionConfigurationPlatforms) = preSolution
		Debug|Any CPU = Debug|Any CPU
		Release|Any CPU = Release|Any CPU
	EndGlobalSection
	GlobalSection(ProjectConfigurationPlatforms) = postSolution
		{EB85E763-234C-4830-A4F2-99C64DF4B0D5}.Debug|Any CPU.ActiveCfg = Debug|Any CPU
		{EB85E763-234C-4830-A4F2-99C64DF4B0D5}.Debug|Any CPU.Build.0 = Debug|Any CPU
		{EB85E763-234C-4830-A4F2-99C64DF4B0D5}.Release|Any CPU.ActiveCfg = Release|Any CPU
		{EB85E763-234C-4830-A4F2-99C64DF4B0D5}.Release|Any CPU.Build.0 = Release|Any CPU
	EndGlobalSection
	GlobalSection(SolutionProperties) = preSolution
		HideSolutionNode = FALSE
	EndGlobalSection
	GlobalSection(ExtensibilityGlobals) = postSolution
		SolutionGuid = {1AF5FA51-9C3A-48C1-AD62-4EA549FDBDAB}
	EndGlobalSection
EndGlobal
