
Microsoft Visual Studio Solution File, Format Version 12.00
# Visual Studio Version 16
VisualStudioVersion = 16.0.30002.166
MinimumVisualStudioVersion = 10.0.40219.1
Project("{FAE04EC0-301F-11D3-BF4B-00C04F79EFBC}") = "ExercicioProposto13", "ExercicioProposto13\ExercicioProposto13.csproj", "{5F5E5415-1F3B-40E8-92E9-28CC2A6E822A}"
EndProject
Global
	GlobalSection(SolutionConfigurationPlatforms) = preSolution
		Debug|Any CPU = Debug|Any CPU
		Release|Any CPU = Release|Any CPU
	EndGlobalSection
	GlobalSection(ProjectConfigurationPlatforms) = postSolution
		{5F5E5415-1F3B-40E8-92E9-28CC2A6E822A}.Debug|Any CPU.ActiveCfg = Debug|Any CPU
		{5F5E5415-1F3B-40E8-92E9-28CC2A6E822A}.Debug|Any CPU.Build.0 = Debug|Any CPU
		{5F5E5415-1F3B-40E8-92E9-28CC2A6E822A}.Release|Any CPU.ActiveCfg = Release|Any CPU
		{5F5E5415-1F3B-40E8-92E9-28CC2A6E822A}.Release|Any CPU.Build.0 = Release|Any CPU
	EndGlobalSection
	GlobalSection(SolutionProperties) = preSolution
		HideSolutionNode = FALSE
	EndGlobalSection
	GlobalSection(ExtensibilityGlobals) = postSolution
		SolutionGuid = {DFDE8577-4F3D-4858-B0CE-BA174775BEC2}
	EndGlobalSection
EndGlobal
