
Microsoft Visual Studio Solution File, Format Version 12.00
# Visual Studio Version 16
VisualStudioVersion = 16.0.30406.217
MinimumVisualStudioVersion = 10.0.40219.1
Project("{FAE04EC0-301F-11D3-BF4B-00C04F79EFBC}") = "66-Struct", "66-Struct\66-Struct.csproj", "{6DD8FFD1-4487-4AB8-94AA-96CFF9F62F18}"
EndProject
Global
	GlobalSection(SolutionConfigurationPlatforms) = preSolution
		Debug|Any CPU = Debug|Any CPU
		Release|Any CPU = Release|Any CPU
	EndGlobalSection
	GlobalSection(ProjectConfigurationPlatforms) = postSolution
		{6DD8FFD1-4487-4AB8-94AA-96CFF9F62F18}.Debug|Any CPU.ActiveCfg = Debug|Any CPU
		{6DD8FFD1-4487-4AB8-94AA-96CFF9F62F18}.Debug|Any CPU.Build.0 = Debug|Any CPU
		{6DD8FFD1-4487-4AB8-94AA-96CFF9F62F18}.Release|Any CPU.ActiveCfg = Release|Any CPU
		{6DD8FFD1-4487-4AB8-94AA-96CFF9F62F18}.Release|Any CPU.Build.0 = Release|Any CPU
	EndGlobalSection
	GlobalSection(SolutionProperties) = preSolution
		HideSolutionNode = FALSE
	EndGlobalSection
	GlobalSection(ExtensibilityGlobals) = postSolution
		SolutionGuid = {A3761559-D92D-4241-A48B-7F84F42EE362}
	EndGlobalSection
EndGlobal
