
Microsoft Visual Studio Solution File, Format Version 12.00
# Visual Studio Version 16
VisualStudioVersion = 16.0.30002.166
MinimumVisualStudioVersion = 10.0.40219.1
Project("{FAE04EC0-301F-11D3-BF4B-00C04F79EFBC}") = "Prova 05 Estruturas Repetitivas", "Prova 05 Estruturas Repetitivas\Prova 05 Estruturas Repetitivas.csproj", "{4E07BDEB-33A5-4565-BC2E-D3FBEF9DCC99}"
EndProject
Global
	GlobalSection(SolutionConfigurationPlatforms) = preSolution
		Debug|Any CPU = Debug|Any CPU
		Release|Any CPU = Release|Any CPU
	EndGlobalSection
	GlobalSection(ProjectConfigurationPlatforms) = postSolution
		{4E07BDEB-33A5-4565-BC2E-D3FBEF9DCC99}.Debug|Any CPU.ActiveCfg = Debug|Any CPU
		{4E07BDEB-33A5-4565-BC2E-D3FBEF9DCC99}.Debug|Any CPU.Build.0 = Debug|Any CPU
		{4E07BDEB-33A5-4565-BC2E-D3FBEF9DCC99}.Release|Any CPU.ActiveCfg = Release|Any CPU
		{4E07BDEB-33A5-4565-BC2E-D3FBEF9DCC99}.Release|Any CPU.Build.0 = Release|Any CPU
	EndGlobalSection
	GlobalSection(SolutionProperties) = preSolution
		HideSolutionNode = FALSE
	EndGlobalSection
	GlobalSection(ExtensibilityGlobals) = postSolution
		SolutionGuid = {86A1169B-12C4-45C2-BC35-E3FD7ECF1A89}
	EndGlobalSection
EndGlobal
