
Microsoft Visual Studio Solution File, Format Version 12.00
# Visual Studio Version 16
VisualStudioVersion = 16.0.30406.217
MinimumVisualStudioVersion = 10.0.40219.1
Project("{FAE04EC0-301F-11D3-BF4B-00C04F79EFBC}") = "Exercicio05", "Exercicio05\Exercicio05.csproj", "{DA6F4C4E-89D0-4BE7-9A4E-BCCF55C1157A}"
EndProject
Global
	GlobalSection(SolutionConfigurationPlatforms) = preSolution
		Debug|Any CPU = Debug|Any CPU
		Release|Any CPU = Release|Any CPU
	EndGlobalSection
	GlobalSection(ProjectConfigurationPlatforms) = postSolution
		{DA6F4C4E-89D0-4BE7-9A4E-BCCF55C1157A}.Debug|Any CPU.ActiveCfg = Debug|Any CPU
		{DA6F4C4E-89D0-4BE7-9A4E-BCCF55C1157A}.Debug|Any CPU.Build.0 = Debug|Any CPU
		{DA6F4C4E-89D0-4BE7-9A4E-BCCF55C1157A}.Release|Any CPU.ActiveCfg = Release|Any CPU
		{DA6F4C4E-89D0-4BE7-9A4E-BCCF55C1157A}.Release|Any CPU.Build.0 = Release|Any CPU
	EndGlobalSection
	GlobalSection(SolutionProperties) = preSolution
		HideSolutionNode = FALSE
	EndGlobalSection
	GlobalSection(ExtensibilityGlobals) = postSolution
		SolutionGuid = {388DDC6E-CAAF-4C82-9C0B-0857FDF5138B}
	EndGlobalSection
EndGlobal
